// !$*UTF8*$!
{
	archiveVersion = 1;
	classes = {
	};
	objectVersion = 50;
	objects = {

/* Begin PBXBuildFile section */
		E47ED557235D440500DED8FF /* BarraProgressoView.swift in Sources */ = {isa = PBXBuildFile; fileRef = E47ED556235D440500DED8FF /* BarraProgressoView.swift */; };
		E47ED559235D452C00DED8FF /* ProgressoTableViewCell.swift in Sources */ = {isa = PBXBuildFile; fileRef = E47ED558235D452C00DED8FF /* ProgressoTableViewCell.swift */; };
		E47ED55B235D459500DED8FF /* Capitulo.swift in Sources */ = {isa = PBXBuildFile; fileRef = E47ED55A235D459500DED8FF /* Capitulo.swift */; };
		E47ED55D235D460000DED8FF /* Pergunta.swift in Sources */ = {isa = PBXBuildFile; fileRef = E47ED55C235D460000DED8FF /* Pergunta.swift */; };
		E49B19EE235C9B0800B5E141 /* AppDelegate.swift in Sources */ = {isa = PBXBuildFile; fileRef = E49B19ED235C9B0800B5E141 /* AppDelegate.swift */; };
		E49B19F0235C9B0800B5E141 /* art.scnassets in Resources */ = {isa = PBXBuildFile; fileRef = E49B19EF235C9B0800B5E141 /* art.scnassets */; };
		E49B19F2235C9B0800B5E141 /* ARViewController.swift in Sources */ = {isa = PBXBuildFile; fileRef = E49B19F1235C9B0800B5E141 /* ARViewController.swift */; };
		E49B19F5235C9B0800B5E141 /* Main.storyboard in Resources */ = {isa = PBXBuildFile; fileRef = E49B19F3235C9B0800B5E141 /* Main.storyboard */; };
		E49B19F7235C9B0B00B5E141 /* Assets.xcassets in Resources */ = {isa = PBXBuildFile; fileRef = E49B19F6235C9B0B00B5E141 /* Assets.xcassets */; };
		E49B19FA235C9B0B00B5E141 /* LaunchScreen.storyboard in Resources */ = {isa = PBXBuildFile; fileRef = E49B19F8235C9B0B00B5E141 /* LaunchScreen.storyboard */; };
		E49B1A02235CA5A400B5E141 /* ConteudosTableViewController.swift in Sources */ = {isa = PBXBuildFile; fileRef = E49B1A01235CA5A400B5E141 /* ConteudosTableViewController.swift */; };
		E49EAA62235D153D0033036F /* PageViewController.swift in Sources */ = {isa = PBXBuildFile; fileRef = E49EAA61235D153D0033036F /* PageViewController.swift */; };
		E49EAA64235D192F0033036F /* QuestionarioViewController.swift in Sources */ = {isa = PBXBuildFile; fileRef = E49EAA63235D192F0033036F /* QuestionarioViewController.swift */; };
		E49EAA66235D1AC90033036F /* PerguntaViewController.swift in Sources */ = {isa = PBXBuildFile; fileRef = E49EAA65235D1AC90033036F /* PerguntaViewController.swift */; };
/* End PBXBuildFile section */

/* Begin PBXFileReference section */
		E47ED556235D440500DED8FF /* BarraProgressoView.swift */ = {isa = PBXFileReference; lastKnownFileType = sourcecode.swift; path = BarraProgressoView.swift; sourceTree = "<group>"; };
		E47ED558235D452C00DED8FF /* ProgressoTableViewCell.swift */ = {isa = PBXFileReference; lastKnownFileType = sourcecode.swift; path = ProgressoTableViewCell.swift; sourceTree = "<group>"; };
		E47ED55A235D459500DED8FF /* Capitulo.swift */ = {isa = PBXFileReference; lastKnownFileType = sourcecode.swift; path = Capitulo.swift; sourceTree = "<group>"; };
		E47ED55C235D460000DED8FF /* Pergunta.swift */ = {isa = PBXFileReference; lastKnownFileType = sourcecode.swift; path = Pergunta.swift; sourceTree = "<group>"; };
		E49B19EA235C9B0800B5E141 /* testeSceneKit.app */ = {isa = PBXFileReference; explicitFileType = wrapper.application; includeInIndex = 0; path = testeSceneKit.app; sourceTree = BUILT_PRODUCTS_DIR; };
		E49B19ED235C9B0800B5E141 /* AppDelegate.swift */ = {isa = PBXFileReference; lastKnownFileType = sourcecode.swift; path = AppDelegate.swift; sourceTree = "<group>"; };
		E49B19EF235C9B0800B5E141 /* art.scnassets */ = {isa = PBXFileReference; lastKnownFileType = wrapper.scnassets; path = art.scnassets; sourceTree = "<group>"; };
		E49B19F1235C9B0800B5E141 /* ARViewController.swift */ = {isa = PBXFileReference; lastKnownFileType = sourcecode.swift; path = ARViewController.swift; sourceTree = "<group>"; };
		E49B19F4235C9B0800B5E141 /* Base */ = {isa = PBXFileReference; lastKnownFileType = file.storyboard; name = Base; path = Base.lproj/Main.storyboard; sourceTree = "<group>"; };
		E49B19F6235C9B0B00B5E141 /* Assets.xcassets */ = {isa = PBXFileReference; lastKnownFileType = folder.assetcatalog; path = Assets.xcassets; sourceTree = "<group>"; };
		E49B19F9235C9B0B00B5E141 /* Base */ = {isa = PBXFileReference; lastKnownFileType = file.storyboard; name = Base; path = Base.lproj/LaunchScreen.storyboard; sourceTree = "<group>"; };
		E49B19FB235C9B0B00B5E141 /* Info.plist */ = {isa = PBXFileReference; lastKnownFileType = text.plist.xml; path = Info.plist; sourceTree = "<group>"; };
		E49B1A01235CA5A400B5E141 /* ConteudosTableViewController.swift */ = {isa = PBXFileReference; lastKnownFileType = sourcecode.swift; path = ConteudosTableViewController.swift; sourceTree = "<group>"; };
		E49EAA61235D153D0033036F /* PageViewController.swift */ = {isa = PBXFileReference; lastKnownFileType = sourcecode.swift; path = PageViewController.swift; sourceTree = "<group>"; };
		E49EAA63235D192F0033036F /* QuestionarioViewController.swift */ = {isa = PBXFileReference; lastKnownFileType = sourcecode.swift; path = QuestionarioViewController.swift; sourceTree = "<group>"; };
		E49EAA65235D1AC90033036F /* PerguntaViewController.swift */ = {isa = PBXFileReference; lastKnownFileType = sourcecode.swift; path = PerguntaViewController.swift; sourceTree = "<group>"; };
/* End PBXFileReference section */

/* Begin PBXFrameworksBuildPhase section */
		E49B19E7235C9B0800B5E141 /* Frameworks */ = {
			isa = PBXFrameworksBuildPhase;
			buildActionMask = 2147483647;
			files = (
			);
			runOnlyForDeploymentPostprocessing = 0;
		};
/* End PBXFrameworksBuildPhase section */

/* Begin PBXGroup section */
		E49B19E1235C9B0800B5E141 = {
			isa = PBXGroup;
			children = (
				E49B19EC235C9B0800B5E141 /* testeSceneKit */,
				E49B19EB235C9B0800B5E141 /* Products */,
			);
			sourceTree = "<group>";
		};
		E49B19EB235C9B0800B5E141 /* Products */ = {
			isa = PBXGroup;
			children = (
				E49B19EA235C9B0800B5E141 /* testeSceneKit.app */,
			);
			name = Products;
			sourceTree = "<group>";
		};
		E49B19EC235C9B0800B5E141 /* testeSceneKit */ = {
			isa = PBXGroup;
			children = (
				E49B19ED235C9B0800B5E141 /* AppDelegate.swift */,
				E49B19EF235C9B0800B5E141 /* art.scnassets */,
				E49B19F1235C9B0800B5E141 /* ARViewController.swift */,
				E49B19F3235C9B0800B5E141 /* Main.storyboard */,
				E49B19F6235C9B0B00B5E141 /* Assets.xcassets */,
				E49B19F8235C9B0B00B5E141 /* LaunchScreen.storyboard */,
				E49B19FB235C9B0B00B5E141 /* Info.plist */,
				E49B1A01235CA5A400B5E141 /* ConteudosTableViewController.swift */,
				E49EAA61235D153D0033036F /* PageViewController.swift */,
				E49EAA63235D192F0033036F /* QuestionarioViewController.swift */,
				E49EAA65235D1AC90033036F /* PerguntaViewController.swift */,
				E47ED556235D440500DED8FF /* BarraProgressoView.swift */,
				E47ED558235D452C00DED8FF /* ProgressoTableViewCell.swift */,
				E47ED55A235D459500DED8FF /* Capitulo.swift */,
				E47ED55C235D460000DED8FF /* Pergunta.swift */,
			);
			path = testeSceneKit;
			sourceTree = "<group>";
		};
/* End PBXGroup section */

/* Begin PBXNativeTarget section */
		E49B19E9235C9B0800B5E141 /* testeSceneKit */ = {
			isa = PBXNativeTarget;
			buildConfigurationList = E49B19FE235C9B0B00B5E141 /* Build configuration list for PBXNativeTarget "testeSceneKit" */;
			buildPhases = (
				E49B19E6235C9B0800B5E141 /* Sources */,
				E49B19E7235C9B0800B5E141 /* Frameworks */,
				E49B19E8235C9B0800B5E141 /* Resources */,
			);
			buildRules = (
			);
			dependencies = (
			);
			name = testeSceneKit;
			productName = testeSceneKit;
			productReference = E49B19EA235C9B0800B5E141 /* testeSceneKit.app */;
			productType = "com.apple.product-type.application";
		};
/* End PBXNativeTarget section */

/* Begin PBXProject section */
		E49B19E2235C9B0800B5E141 /* Project object */ = {
			isa = PBXProject;
			attributes = {
				LastSwiftUpdateCheck = 1100;
				LastUpgradeCheck = 1100;
				ORGANIZATIONNAME = "Lia Kassardjian";
				TargetAttributes = {
					E49B19E9235C9B0800B5E141 = {
						CreatedOnToolsVersion = 11.0;
					};
				};
			};
			buildConfigurationList = E49B19E5235C9B0800B5E141 /* Build configuration list for PBXProject "testeSceneKit" */;
			compatibilityVersion = "Xcode 9.3";
			developmentRegion = en;
			hasScannedForEncodings = 0;
			knownRegions = (
				en,
				Base,
			);
			mainGroup = E49B19E1235C9B0800B5E141;
			productRefGroup = E49B19EB235C9B0800B5E141 /* Products */;
			projectDirPath = "";
			projectRoot = "";
			targets = (
				E49B19E9235C9B0800B5E141 /* testeSceneKit */,
			);
		};
/* End PBXProject section */

/* Begin PBXResourcesBuildPhase section */
		E49B19E8235C9B0800B5E141 /* Resources */ = {
			isa = PBXResourcesBuildPhase;
			buildActionMask = 2147483647;
			files = (
				E49B19F0235C9B0800B5E141 /* art.scnassets in Resources */,
				E49B19FA235C9B0B00B5E141 /* LaunchScreen.storyboard in Resources */,
				E49B19F7235C9B0B00B5E141 /* Assets.xcassets in Resources */,
				E49B19F5235C9B0800B5E141 /* Main.storyboard in Resources */,
			);
			runOnlyForDeploymentPostprocessing = 0;
		};
/* End PBXResourcesBuildPhase section */

/* Begin PBXSourcesBuildPhase section */
		E49B19E6235C9B0800B5E141 /* Sources */ = {
			isa = PBXSourcesBuildPhase;
			buildActionMask = 2147483647;
			files = (
				E49B19F2235C9B0800B5E141 /* ARViewController.swift in Sources */,
				E47ED557235D440500DED8FF /* BarraProgressoView.swift in Sources */,
				E49EAA64235D192F0033036F /* QuestionarioViewController.swift in Sources */,
				E49EAA66235D1AC90033036F /* PerguntaViewController.swift in Sources */,
				E49B19EE235C9B0800B5E141 /* AppDelegate.swift in Sources */,
				E49B1A02235CA5A400B5E141 /* ConteudosTableViewController.swift in Sources */,
				E47ED559235D452C00DED8FF /* ProgressoTableViewCell.swift in Sources */,
				E47ED55B235D459500DED8FF /* Capitulo.swift in Sources */,
				E49EAA62235D153D0033036F /* PageViewController.swift in Sources */,
				E47ED55D235D460000DED8FF /* Pergunta.swift in Sources */,
			);
			runOnlyForDeploymentPostprocessing = 0;
		};
/* End PBXSourcesBuildPhase section */

/* Begin PBXVariantGroup section */
		E49B19F3235C9B0800B5E141 /* Main.storyboard */ = {
			isa = PBXVariantGroup;
			children = (
				E49B19F4235C9B0800B5E141 /* Base */,
			);
			name = Main.storyboard;
			sourceTree = "<group>";
		};
		E49B19F8235C9B0B00B5E141 /* LaunchScreen.storyboard */ = {
			isa = PBXVariantGroup;
			children = (
				E49B19F9235C9B0B00B5E141 /* Base */,
			);
			name = LaunchScreen.storyboard;
			sourceTree = "<group>";
		};
/* End PBXVariantGroup section */

/* Begin XCBuildConfiguration section */
		E49B19FC235C9B0B00B5E141 /* Debug */ = {
			isa = XCBuildConfiguration;
			buildSettings = {
				ALWAYS_SEARCH_USER_PATHS = NO;
				CLANG_ANALYZER_NONNULL = YES;
				CLANG_ANALYZER_NUMBER_OBJECT_CONVERSION = YES_AGGRESSIVE;
				CLANG_CXX_LANGUAGE_STANDARD = "gnu++14";
				CLANG_CXX_LIBRARY = "libc++";
				CLANG_ENABLE_MODULES = YES;
				CLANG_ENABLE_OBJC_ARC = YES;
				CLANG_ENABLE_OBJC_WEAK = YES;
				CLANG_WARN_BLOCK_CAPTURE_AUTORELEASING = YES;
				CLANG_WARN_BOOL_CONVERSION = YES;
				CLANG_WARN_COMMA = YES;
				CLANG_WARN_CONSTANT_CONVERSION = YES;
				CLANG_WARN_DEPRECATED_OBJC_IMPLEMENTATIONS = YES;
				CLANG_WARN_DIRECT_OBJC_ISA_USAGE = YES_ERROR;
				CLANG_WARN_DOCUMENTATION_COMMENTS = YES;
				CLANG_WARN_EMPTY_BODY = YES;
				CLANG_WARN_ENUM_CONVERSION = YES;
				CLANG_WARN_INFINITE_RECURSION = YES;
				CLANG_WARN_INT_CONVERSION = YES;
				CLANG_WARN_NON_LITERAL_NULL_CONVERSION = YES;
				CLANG_WARN_OBJC_IMPLICIT_RETAIN_SELF = YES;
				CLANG_WARN_OBJC_LITERAL_CONVERSION = YES;
				CLANG_WARN_OBJC_ROOT_CLASS = YES_ERROR;
				CLANG_WARN_RANGE_LOOP_ANALYSIS = YES;
				CLANG_WARN_STRICT_PROTOTYPES = YES;
				CLANG_WARN_SUSPICIOUS_MOVE = YES;
				CLANG_WARN_UNGUARDED_AVAILABILITY = YES_AGGRESSIVE;
				CLANG_WARN_UNREACHABLE_CODE = YES;
				CLANG_WARN__DUPLICATE_METHOD_MATCH = YES;
				COPY_PHASE_STRIP = NO;
				DEBUG_INFORMATION_FORMAT = dwarf;
				ENABLE_STRICT_OBJC_MSGSEND = YES;
				ENABLE_TESTABILITY = YES;
				GCC_C_LANGUAGE_STANDARD = gnu11;
				GCC_DYNAMIC_NO_PIC = NO;
				GCC_NO_COMMON_BLOCKS = YES;
				GCC_OPTIMIZATION_LEVEL = 0;
				GCC_PREPROCESSOR_DEFINITIONS = (
					"DEBUG=1",
					"$(inherited)",
				);
				GCC_WARN_64_TO_32_BIT_CONVERSION = YES;
				GCC_WARN_ABOUT_RETURN_TYPE = YES_ERROR;
				GCC_WARN_UNDECLARED_SELECTOR = YES;
				GCC_WARN_UNINITIALIZED_AUTOS = YES_AGGRESSIVE;
				GCC_WARN_UNUSED_FUNCTION = YES;
				GCC_WARN_UNUSED_VARIABLE = YES;
				IPHONEOS_DEPLOYMENT_TARGET = 13.0;
				MTL_ENABLE_DEBUG_INFO = INCLUDE_SOURCE;
				MTL_FAST_MATH = YES;
				ONLY_ACTIVE_ARCH = YES;
				SDKROOT = iphoneos;
				SWIFT_ACTIVE_COMPILATION_CONDITIONS = DEBUG;
				SWIFT_OPTIMIZATION_LEVEL = "-Onone";
			};
			name = Debug;
		};
		E49B19FD235C9B0B00B5E141 /* Release */ = {
			isa = XCBuildConfiguration;
			buildSettings = {
				ALWAYS_SEARCH_USER_PATHS = NO;
				CLANG_ANALYZER_NONNULL = YES;
				CLANG_ANALYZER_NUMBER_OBJECT_CONVERSION = YES_AGGRESSIVE;
				CLANG_CXX_LANGUAGE_STANDARD = "gnu++14";
				CLANG_CXX_LIBRARY = "libc++";
				CLANG_ENABLE_MODULES = YES;
				CLANG_ENABLE_OBJC_ARC = YES;
				CLANG_ENABLE_OBJC_WEAK = YES;
				CLANG_WARN_BLOCK_CAPTURE_AUTORELEASING = YES;
				CLANG_WARN_BOOL_CONVERSION = YES;
				CLANG_WARN_COMMA = YES;
				CLANG_WARN_CONSTANT_CONVERSION = YES;
				CLANG_WARN_DEPRECATED_OBJC_IMPLEMENTATIONS = YES;
				CLANG_WARN_DIRECT_OBJC_ISA_USAGE = YES_ERROR;
				CLANG_WARN_DOCUMENTATION_COMMENTS = YES;
				CLANG_WARN_EMPTY_BODY = YES;
				CLANG_WARN_ENUM_CONVERSION = YES;
				CLANG_WARN_INFINITE_RECURSION = YES;
				CLANG_WARN_INT_CONVERSION = YES;
				CLANG_WARN_NON_LITERAL_NULL_CONVERSION = YES;
				CLANG_WARN_OBJC_IMPLICIT_RETAIN_SELF = YES;
				CLANG_WARN_OBJC_LITERAL_CONVERSION = YES;
				CLANG_WARN_OBJC_ROOT_CLASS = YES_ERROR;
				CLANG_WARN_RANGE_LOOP_ANALYSIS = YES;
				CLANG_WARN_STRICT_PROTOTYPES = YES;
				CLANG_WARN_SUSPICIOUS_MOVE = YES;
				CLANG_WARN_UNGUARDED_AVAILABILITY = YES_AGGRESSIVE;
				CLANG_WARN_UNREACHABLE_CODE = YES;
				CLANG_WARN__DUPLICATE_METHOD_MATCH = YES;
				COPY_PHASE_STRIP = NO;
				DEBUG_INFORMATION_FORMAT = "dwarf-with-dsym";
				ENABLE_NS_ASSERTIONS = NO;
				ENABLE_STRICT_OBJC_MSGSEND = YES;
				GCC_C_LANGUAGE_STANDARD = gnu11;
				GCC_NO_COMMON_BLOCKS = YES;
				GCC_WARN_64_TO_32_BIT_CONVERSION = YES;
				GCC_WARN_ABOUT_RETURN_TYPE = YES_ERROR;
				GCC_WARN_UNDECLARED_SELECTOR = YES;
				GCC_WARN_UNINITIALIZED_AUTOS = YES_AGGRESSIVE;
				GCC_WARN_UNUSED_FUNCTION = YES;
				GCC_WARN_UNUSED_VARIABLE = YES;
				IPHONEOS_DEPLOYMENT_TARGET = 13.0;
				MTL_ENABLE_DEBUG_INFO = NO;
				MTL_FAST_MATH = YES;
				SDKROOT = iphoneos;
				SWIFT_COMPILATION_MODE = wholemodule;
				SWIFT_OPTIMIZATION_LEVEL = "-O";
				VALIDATE_PRODUCT = YES;
			};
			name = Release;
		};
		E49B19FF235C9B0B00B5E141 /* Debug */ = {
			isa = XCBuildConfiguration;
			buildSettings = {
				ASSETCATALOG_COMPILER_APPICON_NAME = AppIcon;
				CODE_SIGN_STYLE = Automatic;
				DEVELOPMENT_TEAM = 5HW626WUP4;
				INFOPLIST_FILE = testeSceneKit/Info.plist;
				LD_RUNPATH_SEARCH_PATHS = (
					"$(inherited)",
					"@executable_path/Frameworks",
				);
				PRODUCT_BUNDLE_IDENTIFIER = com.liakassardjian.testeSceneKit;
				PRODUCT_NAME = "$(TARGET_NAME)";
				SWIFT_VERSION = 5.0;
				TARGETED_DEVICE_FAMILY = "1,2";
			};
			name = Debug;
		};
		E49B1A00235C9B0B00B5E141 /* Release */ = {
			isa = XCBuildConfiguration;
			buildSettings = {
				ASSETCATALOG_COMPILER_APPICON_NAME = AppIcon;
				CODE_SIGN_STYLE = Automatic;
				DEVELOPMENT_TEAM = 5HW626WUP4;
				INFOPLIST_FILE = testeSceneKit/Info.plist;
				LD_RUNPATH_SEARCH_PATHS = (
					"$(inherited)",
					"@executable_path/Frameworks",
				);
				PRODUCT_BUNDLE_IDENTIFIER = com.liakassardjian.testeSceneKit;
				PRODUCT_NAME = "$(TARGET_NAME)";
				SWIFT_VERSION = 5.0;
				TARGETED_DEVICE_FAMILY = "1,2";
			};
			name = Release;
		};
/* End XCBuildConfiguration section */

/* Begin XCConfigurationList section */
		E49B19E5235C9B0800B5E141 /* Build configuration list for PBXProject "testeSceneKit" */ = {
			isa = XCConfigurationList;
			buildConfigurations = (
				E49B19FC235C9B0B00B5E141 /* Debug */,
				E49B19FD235C9B0B00B5E141 /* Release */,
			);
			defaultConfigurationIsVisible = 0;
			defaultConfigurationName = Release;
		};
		E49B19FE235C9B0B00B5E141 /* Build configuration list for PBXNativeTarget "testeSceneKit" */ = {
			isa = XCConfigurationList;
			buildConfigurations = (
				E49B19FF235C9B0B00B5E141 /* Debug */,
				E49B1A00235C9B0B00B5E141 /* Release */,
			);
			defaultConfigurationIsVisible = 0;
			defaultConfigurationName = Release;
		};
/* End XCConfigurationList section */
	};
	rootObject = E49B19E2235C9B0800B5E141 /* Project object */;
}
